
Microsoft Visual Studio Solution File, Format Version 12.00
# Visual Studio Version 16
VisualStudioVersion = 16.0.31424.327
MinimumVisualStudioVersion = 10.0.40219.1
Project("{FAE04EC0-301F-11D3-BF4B-00C04F79EFBC}") = "TechShop-management-system", "TechShop-management-system\TechShop-management-system.csproj", "{C2FF730B-A1A9-414A-A410-286908894F5B}"
EndProject
Global
	GlobalSection(SolutionConfigurationPlatforms) = preSolution
		Debug|Any CPU = Debug|Any CPU
		Release|Any CPU = Release|Any CPU
	EndGlobalSection
	GlobalSection(ProjectConfigurationPlatforms) = postSolution
		{C2FF730B-A1A9-414A-A410-286908894F5B}.Debug|Any CPU.ActiveCfg = Debug|Any CPU
		{C2FF730B-A1A9-414A-A410-286908894F5B}.Debug|Any CPU.Build.0 = Debug|Any CPU
		{C2FF730B-A1A9-414A-A410-286908894F5B}.Release|Any CPU.ActiveCfg = Release|Any CPU
		{C2FF730B-A1A9-414A-A410-286908894F5B}.Release|Any CPU.Build.0 = Release|Any CPU
	EndGlobalSection
	GlobalSection(SolutionProperties) = preSolution
		HideSolutionNode = FALSE
	EndGlobalSection
	GlobalSection(ExtensibilityGlobals) = postSolution
		SolutionGuid = {4EEC9935-A2F5-4022-B3E3-ED566AD3CE03}
	EndGlobalSection
EndGlobal
